PATH
  remote: .
  specs:
    jfrog-saas-log-collector (0.1.1)
      addressable (~> 2.8.0)
      faraday (~> 2.2.0)
      faraday-follow_redirects (~> 0.2.0)
      faraday-gzip (~> 0.1.0)
      faraday-retry (~> 1.0.3)
      json-schema (~> 2.8.1)
      logger (~> 1.5.0)
      minitest (~> 5.0)
      parallel (~> 1.21.0)
      rake (~> 13.0)
      rubocop (~> 1.21)
      rufus-scheduler (~> 3.8.1)
      zlib (~> 2.1.1)

GEM
  remote: https://rubygems.org/
  specs:
    addressable (2.8.0)
      public_suffix (>= 2.0.2, < 5.0)
    ast (2.4.2)
    concurrent-ruby (1.1.10)
    et-orbi (1.2.7)
      tzinfo
    faraday (2.2.0)
      faraday-net_http (~> 2.0)
      ruby2_keywords (>= 0.0.4)
    faraday-follow_redirects (0.2.0)
      faraday (>= 2, < 3)
    faraday-gzip (0.1.0)
      faraday (>= 1.0)
      zlib (~> 2.1)
    faraday-net_http (2.0.1)
    faraday-retry (1.0.3)
    fugit (1.5.2)
      et-orbi (~> 1.1, >= 1.1.8)
      raabro (~> 1.4)
    json-schema (2.8.1)
      addressable (>= 2.4)
    logger (1.5.0)
    minitest (5.15.0)
    parallel (1.21.0)
    parser (3.1.0.0)
      ast (~> 2.4.1)
    public_suffix (4.0.6)
    raabro (1.4.0)
    rainbow (3.1.1)
    rake (13.0.6)
    regexp_parser (2.2.0)
    rexml (3.2.5)
    rubocop (1.25.0)
      parallel (~> 1.10)
      parser (>= 3.1.0.0)
      rainbow (>= 2.2.2, < 4.0)
      regexp_parser (>= 1.8, < 3.0)
      rexml
      rubocop-ast (>= 1.15.1, < 2.0)
      ruby-progressbar (~> 1.7)
      unicode-display_width (>= 1.4.0, < 3.0)
    rubocop-ast (1.15.1)
      parser (>= 3.0.1.1)
    ruby-progressbar (1.11.0)
    ruby2_keywords (0.0.5)
    rufus-scheduler (3.8.1)
      fugit (~> 1.1, >= 1.1.6)
    tzinfo (2.0.4)
      concurrent-ruby (~> 1.0)
    unicode-display_width (2.1.0)
    zlib (2.1.1)

PLATFORMS
  x86_64-darwin-21

DEPENDENCIES
  addressable (~> 2.8.0)
  faraday (~> 2.2.0)
  faraday-follow_redirects (~> 0.2.0)
  faraday-gzip (~> 0.1.0)
  faraday-retry (~> 1.0.3)
  jfrog-saas-log-collector!
  json-schema (~> 2.8.1)
  logger (~> 1.5.0)
  minitest (~> 5.0)
  parallel (~> 1.21.0)
  rake (~> 13.0)
  rubocop (~> 1.21)
  rufus-scheduler (~> 3.8.1)
  zlib (~> 2.1.1)

BUNDLED WITH
   2.3.3
